
Microsoft Visual Studio Solution File, Format Version 12.00
# Visual Studio Version 16
VisualStudioVersion = 16.0.32106.194
MinimumVisualStudioVersion = 10.0.40219.1
Project("{FAE04EC0-301F-11D3-BF4B-00C04F79EFBC}") = "SharedHostApplicacion", "SharedHostApplicacion.csproj", "{12638131-35AC-486C-A462-8C26E1A2B800}"
EndProject
Global
	GlobalSection(SolutionConfigurationPlatforms) = preSolution
		Debug|Any CPU = Debug|Any CPU
		Release|Any CPU = Release|Any CPU
	EndGlobalSection
	GlobalSection(ProjectConfigurationPlatforms) = postSolution
		{12638131-35AC-486C-A462-8C26E1A2B800}.Debug|Any CPU.ActiveCfg = Debug|Any CPU
		{12638131-35AC-486C-A462-8C26E1A2B800}.Debug|Any CPU.Build.0 = Debug|Any CPU
		{12638131-35AC-486C-A462-8C26E1A2B800}.Release|Any CPU.ActiveCfg = Release|Any CPU
		{12638131-35AC-486C-A462-8C26E1A2B800}.Release|Any CPU.Build.0 = Release|Any CPU
	EndGlobalSection
	GlobalSection(SolutionProperties) = preSolution
		HideSolutionNode = FALSE
	EndGlobalSection
	GlobalSection(ExtensibilityGlobals) = postSolution
		SolutionGuid = {970917F1-6A5B-41EE-B0DC-BE9B50A16588}
	EndGlobalSection
EndGlobal
